# THIS IS AN AUTOGENERATED FILE. DO NOT EDIT THIS FILE DIRECTLY.
# yarn lockfile v1


nodemailer@^6.9.9:
  version "6.9.9"
  resolved "https://registry.yarnpkg.com/nodemailer/-/nodemailer-6.9.9.tgz#4549bfbf710cc6addec5064dd0f19874d24248d9"
  integrity sha512-dexTll8zqQoVJEZPwQAKzxxtFn0qTnjdQTchoU6Re9BUUGBJiOy3YMn/0ShTW6J5M0dfQ1NeDeRTTl4oIWgQMA==
