# THIS IS AN AUTOGENERATED FILE. DO NOT EDIT THIS FILE DIRECTLY.
# yarn lockfile v1


nodemailer@^6.7.1:
  version "6.7.1"
  resolved "https://registry.yarnpkg.com/nodemailer/-/nodemailer-6.7.1.tgz#09f72f8b375f7b259291757007bcd902c0174c6e"
  integrity sha512-E1C8G3rnXrGjznwGP1k+OrW5k4rl0XtqTEB19f7vtJAMYwfxZVSsAu2iY5xJkrZsbVYr6PwwAwRmFlakPoFC0A==
